// !$*UTF8*$!
{
	archiveVersion = 1;
	classes = {
	};
	objectVersion = 55;
	objects = {

/* Begin PBXBuildFile section */
		685F3B642A35764300F0777D /* ContentView.swift in Sources */ = {isa = PBXBuildFile; fileRef = 685F3B632A35764300F0777D /* ContentView.swift */; };
		685F3B662A35764500F0777D /* Assets.xcassets in Resources */ = {isa = PBXBuildFile; fileRef = 685F3B652A35764500F0777D /* Assets.xcassets */; };
		685F3B692A35764500F0777D /* Preview Assets.xcassets in Resources */ = {isa = PBXBuildFile; fileRef = 685F3B682A35764500F0777D /* Preview Assets.xcassets */; };
		685F3B732A35764500F0777D /* sample_appTests.swift in Sources */ = {isa = PBXBuildFile; fileRef = 685F3B722A35764500F0777D /* sample_appTests.swift */; };
		685F3B7D2A35764500F0777D /* sample_appUITests.swift in Sources */ = {isa = PBXBuildFile; fileRef = 685F3B7C2A35764500F0777D /* sample_appUITests.swift */; };
		685F3B7F2A35764500F0777D /* sample_appUITestsLaunchTests.swift in Sources */ = {isa = PBXBuildFile; fileRef = 685F3B7E2A35764500F0777D /* sample_appUITestsLaunchTests.swift */; };
		685F3B922A357DF000F0777D /* NetworkManager.swift in Sources */ = {isa = PBXBuildFile; fileRef = 685F3B912A357DF000F0777D /* NetworkManager.swift */; };
		68C75EF92A3969CB009FF572 /* Localizable.strings in Resources */ = {isa = PBXBuildFile; fileRef = 68C75EFB2A3969CB009FF572 /* Localizable.strings */; };
		68C75EFE2A397A8F009FF572 /* LocalizationManager.swift in Sources */ = {isa = PBXBuildFile; fileRef = 68C75EFD2A397A8F009FF572 /* LocalizationManager.swift */; };
		68C75F042A397FDD009FF572 /* en.lproj in Resources */ = {isa = PBXBuildFile; fileRef = 68C75F012A397FDD009FF572 /* en.lproj */; };
		68C75F052A397FDD009FF572 /* zh-Hant.lproj in Resources */ = {isa = PBXBuildFile; fileRef = 68C75F022A397FDD009FF572 /* zh-Hant.lproj */; };
		68C75F062A397FDD009FF572 /* zh-HK.lproj in Resources */ = {isa = PBXBuildFile; fileRef = 68C75F032A397FDD009FF572 /* zh-HK.lproj */; };
		D6FCC43E2A3B38A800ACF298 /* MainApp.swift in Sources */ = {isa = PBXBuildFile; fileRef = D6FCC43D2A3B38A800ACF298 /* MainApp.swift */; };
		D6FCC4402A3B38D800ACF298 /* ContentViewModel.swift in Sources */ = {isa = PBXBuildFile; fileRef = D6FCC43F2A3B38D800ACF298 /* ContentViewModel.swift */; };
		D6FCC4422A3B3B4400ACF298 /* NetworkCombineManager.swift in Sources */ = {isa = PBXBuildFile; fileRef = D6FCC4412A3B3B4400ACF298 /* NetworkCombineManager.swift */; };
/* End PBXBuildFile section */

/* Begin PBXContainerItemProxy section */
		685F3B6F2A35764500F0777D /* PBXContainerItemProxy */ = {
			isa = PBXContainerItemProxy;
			containerPortal = 685F3B562A35764300F0777D /* Project object */;
			proxyType = 1;
			remoteGlobalIDString = 685F3B5D2A35764300F0777D;
			remoteInfo = sample_app;
		};
		685F3B792A35764500F0777D /* PBXContainerItemProxy */ = {
			isa = PBXContainerItemProxy;
			containerPortal = 685F3B562A35764300F0777D /* Project object */;
			proxyType = 1;
			remoteGlobalIDString = 685F3B5D2A35764300F0777D;
			remoteInfo = sample_app;
		};
/* End PBXContainerItemProxy section */

/* Begin PBXFileReference section */
		685F3B5E2A35764300F0777D /* sample_app.app */ = {isa = PBXFileReference; explicitFileType = wrapper.application; includeInIndex = 0; path = sample_app.app; sourceTree = BUILT_PRODUCTS_DIR; };
		685F3B632A35764300F0777D /* ContentView.swift */ = {isa = PBXFileReference; lastKnownFileType = sourcecode.swift; path = ContentView.swift; sourceTree = "<group>"; };
		685F3B652A35764500F0777D /* Assets.xcassets */ = {isa = PBXFileReference; lastKnownFileType = folder.assetcatalog; path = Assets.xcassets; sourceTree = "<group>"; };
		685F3B682A35764500F0777D /* Preview Assets.xcassets */ = {isa = PBXFileReference; lastKnownFileType = folder.assetcatalog; path = "Preview Assets.xcassets"; sourceTree = "<group>"; };
		685F3B6E2A35764500F0777D /* sample_appTests.xctest */ = {isa = PBXFileReference; explicitFileType = wrapper.cfbundle; includeInIndex = 0; path = sample_appTests.xctest; sourceTree = BUILT_PRODUCTS_DIR; };
		685F3B722A35764500F0777D /* sample_appTests.swift */ = {isa = PBXFileReference; lastKnownFileType = sourcecode.swift; path = sample_appTests.swift; sourceTree = "<group>"; };
		685F3B782A35764500F0777D /* sample_appUITests.xctest */ = {isa = PBXFileReference; explicitFileType = wrapper.cfbundle; includeInIndex = 0; path = sample_appUITests.xctest; sourceTree = BUILT_PRODUCTS_DIR; };
		685F3B7C2A35764500F0777D /* sample_appUITests.swift */ = {isa = PBXFileReference; lastKnownFileType = sourcecode.swift; path = sample_appUITests.swift; sourceTree = "<group>"; };
		685F3B7E2A35764500F0777D /* sample_appUITestsLaunchTests.swift */ = {isa = PBXFileReference; lastKnownFileType = sourcecode.swift; path = sample_appUITestsLaunchTests.swift; sourceTree = "<group>"; };
		685F3B912A357DF000F0777D /* NetworkManager.swift */ = {isa = PBXFileReference; lastKnownFileType = sourcecode.swift; path = NetworkManager.swift; sourceTree = "<group>"; };
		68C75EFA2A3969CB009FF572 /* en */ = {isa = PBXFileReference; lastKnownFileType = text.plist.strings; name = en; path = en.lproj/Localizable.strings; sourceTree = "<group>"; };
		68C75EFC2A396A5D009FF572 /* zh-HK */ = {isa = PBXFileReference; lastKnownFileType = text.plist.strings; name = "zh-HK"; path = "zh-HK.lproj/Localizable.strings"; sourceTree = "<group>"; };
		68C75EFD2A397A8F009FF572 /* LocalizationManager.swift */ = {isa = PBXFileReference; lastKnownFileType = sourcecode.swift; path = LocalizationManager.swift; sourceTree = "<group>"; };
		68C75F002A397DB2009FF572 /* zh-Hant */ = {isa = PBXFileReference; lastKnownFileType = text.plist.strings; name = "zh-Hant"; path = "zh-Hant.lproj/Localizable.strings"; sourceTree = "<group>"; };
		68C75F012A397FDD009FF572 /* en.lproj */ = {isa = PBXFileReference; lastKnownFileType = folder; path = en.lproj; sourceTree = "<group>"; };
		68C75F022A397FDD009FF572 /* zh-Hant.lproj */ = {isa = PBXFileReference; lastKnownFileType = folder; path = "zh-Hant.lproj"; sourceTree = "<group>"; };
		68C75F032A397FDD009FF572 /* zh-HK.lproj */ = {isa = PBXFileReference; lastKnownFileType = folder; path = "zh-HK.lproj"; sourceTree = "<group>"; };
		D6FCC43D2A3B38A800ACF298 /* MainApp.swift */ = {isa = PBXFileReference; fileEncoding = 4; lastKnownFileType = sourcecode.swift; path = MainApp.swift; sourceTree = "<group>"; };
		D6FCC43F2A3B38D800ACF298 /* ContentViewModel.swift */ = {isa = PBXFileReference; fileEncoding = 4; lastKnownFileType = sourcecode.swift; path = ContentViewModel.swift; sourceTree = "<group>"; };
		D6FCC4412A3B3B4400ACF298 /* NetworkCombineManager.swift */ = {isa = PBXFileReference; fileEncoding = 4; lastKnownFileType = sourcecode.swift; path = NetworkCombineManager.swift; sourceTree = "<group>"; };
/* End PBXFileReference section */

/* Begin PBXFrameworksBuildPhase section */
		685F3B5B2A35764300F0777D /* Frameworks */ = {
			isa = PBXFrameworksBuildPhase;
			buildActionMask = 2147483647;
			files = (
			);
			runOnlyForDeploymentPostprocessing = 0;
		};
		685F3B6B2A35764500F0777D /* Frameworks */ = {
			isa = PBXFrameworksBuildPhase;
			buildActionMask = 2147483647;
			files = (
			);
			runOnlyForDeploymentPostprocessing = 0;
		};
		685F3B752A35764500F0777D /* Frameworks */ = {
			isa = PBXFrameworksBuildPhase;
			buildActionMask = 2147483647;
			files = (
			);
			runOnlyForDeploymentPostprocessing = 0;
		};
/* End PBXFrameworksBuildPhase section */

/* Begin PBXGroup section */
		685F3B552A35764300F0777D = {
			isa = PBXGroup;
			children = (
				68C75F012A397FDD009FF572 /* en.lproj */,
				68C75F022A397FDD009FF572 /* zh-Hant.lproj */,
				68C75F032A397FDD009FF572 /* zh-HK.lproj */,
				68C75EFB2A3969CB009FF572 /* Localizable.strings */,
				685F3B602A35764300F0777D /* sample_app */,
				685F3B712A35764500F0777D /* sample_appTests */,
				685F3B7B2A35764500F0777D /* sample_appUITests */,
				685F3B5F2A35764300F0777D /* Products */,
			);
			sourceTree = "<group>";
		};
		685F3B5F2A35764300F0777D /* Products */ = {
			isa = PBXGroup;
			children = (
				685F3B5E2A35764300F0777D /* sample_app.app */,
				685F3B6E2A35764500F0777D /* sample_appTests.xctest */,
				685F3B782A35764500F0777D /* sample_appUITests.xctest */,
			);
			name = Products;
			sourceTree = "<group>";
		};
		685F3B602A35764300F0777D /* sample_app */ = {
			isa = PBXGroup;
			children = (
				685F3B652A35764500F0777D /* Assets.xcassets */,
				685F3B632A35764300F0777D /* ContentView.swift */,
				D6FCC43F2A3B38D800ACF298 /* ContentViewModel.swift */,
				68C75EFD2A397A8F009FF572 /* LocalizationManager.swift */,
				D6FCC43D2A3B38A800ACF298 /* MainApp.swift */,
				D6FCC4412A3B3B4400ACF298 /* NetworkCombineManager.swift */,
				685F3B912A357DF000F0777D /* NetworkManager.swift */,
				685F3B672A35764500F0777D /* Preview Content */,
			);
			path = sample_app;
			sourceTree = "<group>";
		};
		685F3B672A35764500F0777D /* Preview Content */ = {
			isa = PBXGroup;
			children = (
				685F3B682A35764500F0777D /* Preview Assets.xcassets */,
			);
			path = "Preview Content";
			sourceTree = "<group>";
		};
		685F3B712A35764500F0777D /* sample_appTests */ = {
			isa = PBXGroup;
			children = (
				685F3B722A35764500F0777D /* sample_appTests.swift */,
			);
			path = sample_appTests;
			sourceTree = "<group>";
		};
		685F3B7B2A35764500F0777D /* sample_appUITests */ = {
			isa = PBXGroup;
			children = (
				685F3B7C2A35764500F0777D /* sample_appUITests.swift */,
				685F3B7E2A35764500F0777D /* sample_appUITestsLaunchTests.swift */,
			);
			path = sample_appUITests;
			sourceTree = "<group>";
		};
/* End PBXGroup section */

/* Begin PBXNativeTarget section */
		685F3B5D2A35764300F0777D /* sample_app */ = {
			isa = PBXNativeTarget;
			buildConfigurationList = 685F3B822A35764500F0777D /* Build configuration list for PBXNativeTarget "sample_app" */;
			buildPhases = (
				685F3B5A2A35764300F0777D /* Sources */,
				685F3B5B2A35764300F0777D /* Frameworks */,
				685F3B5C2A35764300F0777D /* Resources */,
			);
			buildRules = (
			);
			dependencies = (
			);
			name = sample_app;
			productName = sample_app;
			productReference = 685F3B5E2A35764300F0777D /* sample_app.app */;
			productType = "com.apple.product-type.application";
		};
		685F3B6D2A35764500F0777D /* sample_appTests */ = {
			isa = PBXNativeTarget;
			buildConfigurationList = 685F3B852A35764500F0777D /* Build configuration list for PBXNativeTarget "sample_appTests" */;
			buildPhases = (
				685F3B6A2A35764500F0777D /* Sources */,
				685F3B6B2A35764500F0777D /* Frameworks */,
				685F3B6C2A35764500F0777D /* Resources */,
			);
			buildRules = (
			);
			dependencies = (
				685F3B702A35764500F0777D /* PBXTargetDependency */,
			);
			name = sample_appTests;
			productName = sample_appTests;
			productReference = 685F3B6E2A35764500F0777D /* sample_appTests.xctest */;
			productType = "com.apple.product-type.bundle.unit-test";
		};
		685F3B772A35764500F0777D /* sample_appUITests */ = {
			isa = PBXNativeTarget;
			buildConfigurationList = 685F3B882A35764500F0777D /* Build configuration list for PBXNativeTarget "sample_appUITests" */;
			buildPhases = (
				685F3B742A35764500F0777D /* Sources */,
				685F3B752A35764500F0777D /* Frameworks */,
				685F3B762A35764500F0777D /* Resources */,
			);
			buildRules = (
			);
			dependencies = (
				685F3B7A2A35764500F0777D /* PBXTargetDependency */,
			);
			name = sample_appUITests;
			productName = sample_appUITests;
			productReference = 685F3B782A35764500F0777D /* sample_appUITests.xctest */;
			productType = "com.apple.product-type.bundle.ui-testing";
		};
/* End PBXNativeTarget section */

/* Begin PBXProject section */
		685F3B562A35764300F0777D /* Project object */ = {
			isa = PBXProject;
			attributes = {
				BuildIndependentTargetsInParallel = 1;
				LastSwiftUpdateCheck = 1340;
				LastUpgradeCheck = 1340;
				TargetAttributes = {
					685F3B5D2A35764300F0777D = {
						CreatedOnToolsVersion = 13.4.1;
					};
					685F3B6D2A35764500F0777D = {
						CreatedOnToolsVersion = 13.4.1;
						TestTargetID = 685F3B5D2A35764300F0777D;
					};
					685F3B772A35764500F0777D = {
						CreatedOnToolsVersion = 13.4.1;
						TestTargetID = 685F3B5D2A35764300F0777D;
					};
				};
			};
			buildConfigurationList = 685F3B592A35764300F0777D /* Build configuration list for PBXProject "sample_app" */;
			compatibilityVersion = "Xcode 13.0";
			developmentRegion = en;
			hasScannedForEncodings = 0;
			knownRegions = (
				en,
				Base,
				"zh-HK",
				"zh-Hant",
			);
			mainGroup = 685F3B552A35764300F0777D;
			productRefGroup = 685F3B5F2A35764300F0777D /* Products */;
			projectDirPath = "";
			projectRoot = "";
			targets = (
				685F3B5D2A35764300F0777D /* sample_app */,
				685F3B6D2A35764500F0777D /* sample_appTests */,
				685F3B772A35764500F0777D /* sample_appUITests */,
			);
		};
/* End PBXProject section */

/* Begin PBXResourcesBuildPhase section */
		685F3B5C2A35764300F0777D /* Resources */ = {
			isa = PBXResourcesBuildPhase;
			buildActionMask = 2147483647;
			files = (
				68C75F042A397FDD009FF572 /* en.lproj in Resources */,
				685F3B692A35764500F0777D /* Preview Assets.xcassets in Resources */,
				68C75F062A397FDD009FF572 /* zh-HK.lproj in Resources */,
				68C75EF92A3969CB009FF572 /* Localizable.strings in Resources */,
				68C75F052A397FDD009FF572 /* zh-Hant.lproj in Resources */,
				685F3B662A35764500F0777D /* Assets.xcassets in Resources */,
			);
			runOnlyForDeploymentPostprocessing = 0;
		};
		685F3B6C2A35764500F0777D /* Resources */ = {
			isa = PBXResourcesBuildPhase;
			buildActionMask = 2147483647;
			files = (
			);
			runOnlyForDeploymentPostprocessing = 0;
		};
		685F3B762A35764500F0777D /* Resources */ = {
			isa = PBXResourcesBuildPhase;
			buildActionMask = 2147483647;
			files = (
			);
			runOnlyForDeploymentPostprocessing = 0;
		};
/* End PBXResourcesBuildPhase section */

/* Begin PBXSourcesBuildPhase section */
		685F3B5A2A35764300F0777D /* Sources */ = {
			isa = PBXSourcesBuildPhase;
			buildActionMask = 2147483647;
			files = (
				685F3B642A35764300F0777D /* ContentView.swift in Sources */,
				685F3B922A357DF000F0777D /* NetworkManager.swift in Sources */,
				D6FCC4402A3B38D800ACF298 /* ContentViewModel.swift in Sources */,
				68C75EFE2A397A8F009FF572 /* LocalizationManager.swift in Sources */,
				D6FCC4422A3B3B4400ACF298 /* NetworkCombineManager.swift in Sources */,
				D6FCC43E2A3B38A800ACF298 /* MainApp.swift in Sources */,
			);
			runOnlyForDeploymentPostprocessing = 0;
		};
		685F3B6A2A35764500F0777D /* Sources */ = {
			isa = PBXSourcesBuildPhase;
			buildActionMask = 2147483647;
			files = (
				685F3B732A35764500F0777D /* sample_appTests.swift in Sources */,
			);
			runOnlyForDeploymentPostprocessing = 0;
		};
		685F3B742A35764500F0777D /* Sources */ = {
			isa = PBXSourcesBuildPhase;
			buildActionMask = 2147483647;
			files = (
				685F3B7F2A35764500F0777D /* sample_appUITestsLaunchTests.swift in Sources */,
				685F3B7D2A35764500F0777D /* sample_appUITests.swift in Sources */,
			);
			runOnlyForDeploymentPostprocessing = 0;
		};
/* End PBXSourcesBuildPhase section */

/* Begin PBXTargetDependency section */
		685F3B702A35764500F0777D /* PBXTargetDependency */ = {
			isa = PBXTargetDependency;
			target = 685F3B5D2A35764300F0777D /* sample_app */;
			targetProxy = 685F3B6F2A35764500F0777D /* PBXContainerItemProxy */;
		};
		685F3B7A2A35764500F0777D /* PBXTargetDependency */ = {
			isa = PBXTargetDependency;
			target = 685F3B5D2A35764300F0777D /* sample_app */;
			targetProxy = 685F3B792A35764500F0777D /* PBXContainerItemProxy */;
		};
/* End PBXTargetDependency section */

/* Begin PBXVariantGroup section */
		68C75EFB2A3969CB009FF572 /* Localizable.strings */ = {
			isa = PBXVariantGroup;
			children = (
				68C75EFA2A3969CB009FF572 /* en */,
				68C75EFC2A396A5D009FF572 /* zh-HK */,
				68C75F002A397DB2009FF572 /* zh-Hant */,
			);
			name = Localizable.strings;
			sourceTree = "<group>";
		};
/* End PBXVariantGroup section */

/* Begin XCBuildConfiguration section */
		685F3B802A35764500F0777D /* Debug */ = {
			isa = XCBuildConfiguration;
			buildSettings = {
				ALWAYS_SEARCH_USER_PATHS = NO;
				CLANG_ANALYZER_LOCALIZABILITY_NONLOCALIZED = YES;
				CLANG_ANALYZER_NONNULL = YES;
				CLANG_ANALYZER_NUMBER_OBJECT_CONVERSION = YES_AGGRESSIVE;
				CLANG_CXX_LANGUAGE_STANDARD = "gnu++17";
				CLANG_ENABLE_MODULES = YES;
				CLANG_ENABLE_OBJC_ARC = YES;
				CLANG_ENABLE_OBJC_WEAK = YES;
				CLANG_WARN_BLOCK_CAPTURE_AUTORELEASING = YES;
				CLANG_WARN_BOOL_CONVERSION = YES;
				CLANG_WARN_COMMA = YES;
				CLANG_WARN_CONSTANT_CONVERSION = YES;
				CLANG_WARN_DEPRECATED_OBJC_IMPLEMENTATIONS = YES;
				CLANG_WARN_DIRECT_OBJC_ISA_USAGE = YES_ERROR;
				CLANG_WARN_DOCUMENTATION_COMMENTS = YES;
				CLANG_WARN_EMPTY_BODY = YES;
				CLANG_WARN_ENUM_CONVERSION = YES;
				CLANG_WARN_INFINITE_RECURSION = YES;
				CLANG_WARN_INT_CONVERSION = YES;
				CLANG_WARN_NON_LITERAL_NULL_CONVERSION = YES;
				CLANG_WARN_OBJC_IMPLICIT_RETAIN_SELF = YES;
				CLANG_WARN_OBJC_LITERAL_CONVERSION = YES;
				CLANG_WARN_OBJC_ROOT_CLASS = YES_ERROR;
				CLANG_WARN_QUOTED_INCLUDE_IN_FRAMEWORK_HEADER = YES;
				CLANG_WARN_RANGE_LOOP_ANALYSIS = YES;
				CLANG_WARN_STRICT_PROTOTYPES = YES;
				CLANG_WARN_SUSPICIOUS_MOVE = YES;
				CLANG_WARN_UNGUARDED_AVAILABILITY = YES_AGGRESSIVE;
				CLANG_WARN_UNREACHABLE_CODE = YES;
				CLANG_WARN__DUPLICATE_METHOD_MATCH = YES;
				COPY_PHASE_STRIP = NO;
				DEBUG_INFORMATION_FORMAT = dwarf;
				ENABLE_STRICT_OBJC_MSGSEND = YES;
				ENABLE_TESTABILITY = YES;
				GCC_C_LANGUAGE_STANDARD = gnu11;
				GCC_DYNAMIC_NO_PIC = NO;
				GCC_NO_COMMON_BLOCKS = YES;
				GCC_OPTIMIZATION_LEVEL = 0;
				GCC_PREPROCESSOR_DEFINITIONS = (
					"DEBUG=1",
					"$(inherited)",
				);
				GCC_WARN_64_TO_32_BIT_CONVERSION = YES;
				GCC_WARN_ABOUT_RETURN_TYPE = YES_ERROR;
				GCC_WARN_UNDECLARED_SELECTOR = YES;
				GCC_WARN_UNINITIALIZED_AUTOS = YES_AGGRESSIVE;
				GCC_WARN_UNUSED_FUNCTION = YES;
				GCC_WARN_UNUSED_VARIABLE = YES;
				IPHONEOS_DEPLOYMENT_TARGET = 15.5;
				MTL_ENABLE_DEBUG_INFO = INCLUDE_SOURCE;
				MTL_FAST_MATH = YES;
				ONLY_ACTIVE_ARCH = YES;
				SDKROOT = iphoneos;
				SWIFT_ACTIVE_COMPILATION_CONDITIONS = DEBUG;
				SWIFT_OPTIMIZATION_LEVEL = "-Onone";
			};
			name = Debug;
		};
		685F3B812A35764500F0777D /* Release */ = {
			isa = XCBuildConfiguration;
			buildSettings = {
				ALWAYS_SEARCH_USER_PATHS = NO;
				CLANG_ANALYZER_LOCALIZABILITY_NONLOCALIZED = YES;
				CLANG_ANALYZER_NONNULL = YES;
				CLANG_ANALYZER_NUMBER_OBJECT_CONVERSION = YES_AGGRESSIVE;
				CLANG_CXX_LANGUAGE_STANDARD = "gnu++17";
				CLANG_ENABLE_MODULES = YES;
				CLANG_ENABLE_OBJC_ARC = YES;
				CLANG_ENABLE_OBJC_WEAK = YES;
				CLANG_WARN_BLOCK_CAPTURE_AUTORELEASING = YES;
				CLANG_WARN_BOOL_CONVERSION = YES;
				CLANG_WARN_COMMA = YES;
				CLANG_WARN_CONSTANT_CONVERSION = YES;
				CLANG_WARN_DEPRECATED_OBJC_IMPLEMENTATIONS = YES;
				CLANG_WARN_DIRECT_OBJC_ISA_USAGE = YES_ERROR;
				CLANG_WARN_DOCUMENTATION_COMMENTS = YES;
				CLANG_WARN_EMPTY_BODY = YES;
				CLANG_WARN_ENUM_CONVERSION = YES;
				CLANG_WARN_INFINITE_RECURSION = YES;
				CLANG_WARN_INT_CONVERSION = YES;
				CLANG_WARN_NON_LITERAL_NULL_CONVERSION = YES;
				CLANG_WARN_OBJC_IMPLICIT_RETAIN_SELF = YES;
				CLANG_WARN_OBJC_LITERAL_CONVERSION = YES;
				CLANG_WARN_OBJC_ROOT_CLASS = YES_ERROR;
				CLANG_WARN_QUOTED_INCLUDE_IN_FRAMEWORK_HEADER = YES;
				CLANG_WARN_RANGE_LOOP_ANALYSIS = YES;
				CLANG_WARN_STRICT_PROTOTYPES = YES;
				CLANG_WARN_SUSPICIOUS_MOVE = YES;
				CLANG_WARN_UNGUARDED_AVAILABILITY = YES_AGGRESSIVE;
				CLANG_WARN_UNREACHABLE_CODE = YES;
				CLANG_WARN__DUPLICATE_METHOD_MATCH = YES;
				COPY_PHASE_STRIP = NO;
				DEBUG_INFORMATION_FORMAT = "dwarf-with-dsym";
				ENABLE_NS_ASSERTIONS = NO;
				ENABLE_STRICT_OBJC_MSGSEND = YES;
				GCC_C_LANGUAGE_STANDARD = gnu11;
				GCC_NO_COMMON_BLOCKS = YES;
				GCC_WARN_64_TO_32_BIT_CONVERSION = YES;
				GCC_WARN_ABOUT_RETURN_TYPE = YES_ERROR;
				GCC_WARN_UNDECLARED_SELECTOR = YES;
				GCC_WARN_UNINITIALIZED_AUTOS = YES_AGGRESSIVE;
				GCC_WARN_UNUSED_FUNCTION = YES;
				GCC_WARN_UNUSED_VARIABLE = YES;
				IPHONEOS_DEPLOYMENT_TARGET = 15.5;
				MTL_ENABLE_DEBUG_INFO = NO;
				MTL_FAST_MATH = YES;
				SDKROOT = iphoneos;
				SWIFT_COMPILATION_MODE = wholemodule;
				SWIFT_OPTIMIZATION_LEVEL = "-O";
				VALIDATE_PRODUCT = YES;
			};
			name = Release;
		};
		685F3B832A35764500F0777D /* Debug */ = {
			isa = XCBuildConfiguration;
			buildSettings = {
				ASSETCATALOG_COMPILER_APPICON_NAME = AppIcon;
				ASSETCATALOG_COMPILER_GLOBAL_ACCENT_COLOR_NAME = AccentColor;
				CODE_SIGN_IDENTITY = "Apple Development";
				CODE_SIGN_STYLE = Automatic;
				CURRENT_PROJECT_VERSION = 1;
				DEVELOPMENT_ASSET_PATHS = "\"sample_app/Preview Content\"";
				DEVELOPMENT_TEAM = CVDAD78BSG;
				ENABLE_PREVIEWS = YES;
				GENERATE_INFOPLIST_FILE = YES;
				INFOPLIST_KEY_UIApplicationSceneManifest_Generation = YES;
				INFOPLIST_KEY_UIApplicationSupportsIndirectInputEvents = YES;
				INFOPLIST_KEY_UILaunchScreen_Generation = YES;
				INFOPLIST_KEY_UISupportedInterfaceOrientations_iPad = "UIInterfaceOrientationPortrait UIInterfaceOrientationPortraitUpsideDown UIInterfaceOrientationLandscapeLeft UIInterfaceOrientationLandscapeRight";
				INFOPLIST_KEY_UISupportedInterfaceOrientations_iPhone = "UIInterfaceOrientationPortrait UIInterfaceOrientationLandscapeLeft UIInterfaceOrientationLandscapeRight";
				LD_RUNPATH_SEARCH_PATHS = (
					"$(inherited)",
					"@executable_path/Frameworks",
				);
				MARKETING_VERSION = 1.0;
				PRODUCT_BUNDLE_IDENTIFIER = "z.sample-app";
				PRODUCT_NAME = "$(TARGET_NAME)";
				PROVISIONING_PROFILE_SPECIFIER = "";
				SWIFT_EMIT_LOC_STRINGS = YES;
				SWIFT_VERSION = 5.0;
				TARGETED_DEVICE_FAMILY = "1,2";
			};
			name = Debug;
		};
		685F3B842A35764500F0777D /* Release */ = {
			isa = XCBuildConfiguration;
			buildSettings = {
				ASSETCATALOG_COMPILER_APPICON_NAME = AppIcon;
				ASSETCATALOG_COMPILER_GLOBAL_ACCENT_COLOR_NAME = AccentColor;
				CODE_SIGN_IDENTITY = "Apple Development";
				CODE_SIGN_STYLE = Automatic;
				CURRENT_PROJECT_VERSION = 1;
				DEVELOPMENT_ASSET_PATHS = "\"sample_app/Preview Content\"";
				DEVELOPMENT_TEAM = CVDAD78BSG;
				ENABLE_PREVIEWS = YES;
				GENERATE_INFOPLIST_FILE = YES;
				INFOPLIST_KEY_UIApplicationSceneManifest_Generation = YES;
				INFOPLIST_KEY_UIApplicationSupportsIndirectInputEvents = YES;
				INFOPLIST_KEY_UILaunchScreen_Generation = YES;
				INFOPLIST_KEY_UISupportedInterfaceOrientations_iPad = "UIInterfaceOrientationPortrait UIInterfaceOrientationPortraitUpsideDown UIInterfaceOrientationLandscapeLeft UIInterfaceOrientationLandscapeRight";
				INFOPLIST_KEY_UISupportedInterfaceOrientations_iPhone = "UIInterfaceOrientationPortrait UIInterfaceOrientationLandscapeLeft UIInterfaceOrientationLandscapeRight";
				LD_RUNPATH_SEARCH_PATHS = (
					"$(inherited)",
					"@executable_path/Frameworks",
				);
				MARKETING_VERSION = 1.0;
				PRODUCT_BUNDLE_IDENTIFIER = "z.sample-app";
				PRODUCT_NAME = "$(TARGET_NAME)";
				PROVISIONING_PROFILE_SPECIFIER = "";
				SWIFT_EMIT_LOC_STRINGS = YES;
				SWIFT_VERSION = 5.0;
				TARGETED_DEVICE_FAMILY = "1,2";
			};
			name = Release;
		};
		685F3B862A35764500F0777D /* Debug */ = {
			isa = XCBuildConfiguration;
			buildSettings = {
				ALWAYS_EMBED_SWIFT_STANDARD_LIBRARIES = YES;
				BUNDLE_LOADER = "$(TEST_HOST)";
				CODE_SIGN_STYLE = Automatic;
				CURRENT_PROJECT_VERSION = 1;
				GENERATE_INFOPLIST_FILE = YES;
				IPHONEOS_DEPLOYMENT_TARGET = 15.5;
				MARKETING_VERSION = 1.0;
				PRODUCT_BUNDLE_IDENTIFIER = "z.sample-appTests";
				PRODUCT_NAME = "$(TARGET_NAME)";
				SWIFT_EMIT_LOC_STRINGS = NO;
				SWIFT_VERSION = 5.0;
				TARGETED_DEVICE_FAMILY = "1,2";
				TEST_HOST = "$(BUILT_PRODUCTS_DIR)/sample_app.app/sample_app";
			};
			name = Debug;
		};
		685F3B872A35764500F0777D /* Release */ = {
			isa = XCBuildConfiguration;
			buildSettings = {
				ALWAYS_EMBED_SWIFT_STANDARD_LIBRARIES = YES;
				BUNDLE_LOADER = "$(TEST_HOST)";
				CODE_SIGN_STYLE = Automatic;
				CURRENT_PROJECT_VERSION = 1;
				GENERATE_INFOPLIST_FILE = YES;
				IPHONEOS_DEPLOYMENT_TARGET = 15.5;
				MARKETING_VERSION = 1.0;
				PRODUCT_BUNDLE_IDENTIFIER = "z.sample-appTests";
				PRODUCT_NAME = "$(TARGET_NAME)";
				SWIFT_EMIT_LOC_STRINGS = NO;
				SWIFT_VERSION = 5.0;
				TARGETED_DEVICE_FAMILY = "1,2";
				TEST_HOST = "$(BUILT_PRODUCTS_DIR)/sample_app.app/sample_app";
			};
			name = Release;
		};
		685F3B892A35764500F0777D /* Debug */ = {
			isa = XCBuildConfiguration;
			buildSettings = {
				ALWAYS_EMBED_SWIFT_STANDARD_LIBRARIES = YES;
				CODE_SIGN_STYLE = Automatic;
				CURRENT_PROJECT_VERSION = 1;
				GENERATE_INFOPLIST_FILE = YES;
				MARKETING_VERSION = 1.0;
				PRODUCT_BUNDLE_IDENTIFIER = "z.sample-appUITests";
				PRODUCT_NAME = "$(TARGET_NAME)";
				SWIFT_EMIT_LOC_STRINGS = NO;
				SWIFT_VERSION = 5.0;
				TARGETED_DEVICE_FAMILY = "1,2";
				TEST_TARGET_NAME = sample_app;
			};
			name = Debug;
		};
		685F3B8A2A35764500F0777D /* Release */ = {
			isa = XCBuildConfiguration;
			buildSettings = {
				ALWAYS_EMBED_SWIFT_STANDARD_LIBRARIES = YES;
				CODE_SIGN_STYLE = Automatic;
				CURRENT_PROJECT_VERSION = 1;
				GENERATE_INFOPLIST_FILE = YES;
				MARKETING_VERSION = 1.0;
				PRODUCT_BUNDLE_IDENTIFIER = "z.sample-appUITests";
				PRODUCT_NAME = "$(TARGET_NAME)";
				SWIFT_EMIT_LOC_STRINGS = NO;
				SWIFT_VERSION = 5.0;
				TARGETED_DEVICE_FAMILY = "1,2";
				TEST_TARGET_NAME = sample_app;
			};
			name = Release;
		};
/* End XCBuildConfiguration section */

/* Begin XCConfigurationList section */
		685F3B592A35764300F0777D /* Build configuration list for PBXProject "sample_app" */ = {
			isa = XCConfigurationList;
			buildConfigurations = (
				685F3B802A35764500F0777D /* Debug */,
				685F3B812A35764500F0777D /* Release */,
			);
			defaultConfigurationIsVisible = 0;
			defaultConfigurationName = Release;
		};
		685F3B822A35764500F0777D /* Build configuration list for PBXNativeTarget "sample_app" */ = {
			isa = XCConfigurationList;
			buildConfigurations = (
				685F3B832A35764500F0777D /* Debug */,
				685F3B842A35764500F0777D /* Release */,
			);
			defaultConfigurationIsVisible = 0;
			defaultConfigurationName = Release;
		};
		685F3B852A35764500F0777D /* Build configuration list for PBXNativeTarget "sample_appTests" */ = {
			isa = XCConfigurationList;
			buildConfigurations = (
				685F3B862A35764500F0777D /* Debug */,
				685F3B872A35764500F0777D /* Release */,
			);
			defaultConfigurationIsVisible = 0;
			defaultConfigurationName = Release;
		};
		685F3B882A35764500F0777D /* Build configuration list for PBXNativeTarget "sample_appUITests" */ = {
			isa = XCConfigurationList;
			buildConfigurations = (
				685F3B892A35764500F0777D /* Debug */,
				685F3B8A2A35764500F0777D /* Release */,
			);
			defaultConfigurationIsVisible = 0;
			defaultConfigurationName = Release;
		};
/* End XCConfigurationList section */
	};
	rootObject = 685F3B562A35764300F0777D /* Project object */;
}
